// !$*UTF8*$!
{
	archiveVersion = 1;
	classes = {
	};
	objectVersion = 51;
	objects = {

/* Begin PBXBuildFile section */
		8D92DA1CBA0E667D2B9BD9D0 /* Pods_MovieSearch.framework in Frameworks */ = {isa = PBXBuildFile; fileRef = 0383E3470C1E03C229910491 /* Pods_MovieSearch.framework */; };
		BB69D497253BEEA100559EE6 /* AppDelegate.swift in Sources */ = {isa = PBXBuildFile; fileRef = BB69D496253BEEA100559EE6 /* AppDelegate.swift */; };
		BB69D49B253BEEA100559EE6 /* HomeViewController.swift in Sources */ = {isa = PBXBuildFile; fileRef = BB69D49A253BEEA100559EE6 /* HomeViewController.swift */; };
		BB69D49E253BEEA200559EE6 /* Main.storyboard in Resources */ = {isa = PBXBuildFile; fileRef = BB69D49C253BEEA200559EE6 /* Main.storyboard */; };
		BB69D4A0253BEEA700559EE6 /* Assets.xcassets in Resources */ = {isa = PBXBuildFile; fileRef = BB69D49F253BEEA700559EE6 /* Assets.xcassets */; };
		BB69D4A3253BEEA700559EE6 /* LaunchScreen.storyboard in Resources */ = {isa = PBXBuildFile; fileRef = BB69D4A1253BEEA700559EE6 /* LaunchScreen.storyboard */; };
		BB69D4B0253BF92400559EE6 /* NetworkServices.swift in Sources */ = {isa = PBXBuildFile; fileRef = BB69D4AF253BF92400559EE6 /* NetworkServices.swift */; };
		BB69D4B2253BFA8C00559EE6 /* MovieListModel.swift in Sources */ = {isa = PBXBuildFile; fileRef = BB69D4B1253BFA8C00559EE6 /* MovieListModel.swift */; };
		BB69D4BB253C050300559EE6 /* MovieListCVCell.xib in Resources */ = {isa = PBXBuildFile; fileRef = BB69D4B7253C050300559EE6 /* MovieListCVCell.xib */; };
		BB69D4BC253C050300559EE6 /* MovieListCVCell.swift in Sources */ = {isa = PBXBuildFile; fileRef = BB69D4B8253C050300559EE6 /* MovieListCVCell.swift */; };
		BB69D4D9253C0AC800559EE6 /* MovieDetailViewController.swift in Sources */ = {isa = PBXBuildFile; fileRef = BB69D4D8253C0AC800559EE6 /* MovieDetailViewController.swift */; };
		BB69D4DB253C0FA900559EE6 /* MovieInfoViewModel.swift in Sources */ = {isa = PBXBuildFile; fileRef = BB69D4DA253C0FA900559EE6 /* MovieInfoViewModel.swift */; };
/* End PBXBuildFile section */

/* Begin PBXFileReference section */
		0383E3470C1E03C229910491 /* Pods_MovieSearch.framework */ = {isa = PBXFileReference; explicitFileType = wrapper.framework; includeInIndex = 0; path = Pods_MovieSearch.framework; sourceTree = BUILT_PRODUCTS_DIR; };
		681A63BE29EF4D0513E7D94A /* Pods-MovieSearch.debug.xcconfig */ = {isa = PBXFileReference; includeInIndex = 1; lastKnownFileType = text.xcconfig; name = "Pods-MovieSearch.debug.xcconfig"; path = "Target Support Files/Pods-MovieSearch/Pods-MovieSearch.debug.xcconfig"; sourceTree = "<group>"; };
		BB69D493253BEEA100559EE6 /* MovieSearch.app */ = {isa = PBXFileReference; explicitFileType = wrapper.application; includeInIndex = 0; path = MovieSearch.app; sourceTree = BUILT_PRODUCTS_DIR; };
		BB69D496253BEEA100559EE6 /* AppDelegate.swift */ = {isa = PBXFileReference; lastKnownFileType = sourcecode.swift; path = AppDelegate.swift; sourceTree = "<group>"; };
		BB69D49A253BEEA100559EE6 /* HomeViewController.swift */ = {isa = PBXFileReference; lastKnownFileType = sourcecode.swift; path = HomeViewController.swift; sourceTree = "<group>"; };
		BB69D49D253BEEA200559EE6 /* Base */ = {isa = PBXFileReference; lastKnownFileType = file.storyboard; name = Base; path = Base.lproj/Main.storyboard; sourceTree = "<group>"; };
		BB69D49F253BEEA700559EE6 /* Assets.xcassets */ = {isa = PBXFileReference; lastKnownFileType = folder.assetcatalog; path = Assets.xcassets; sourceTree = "<group>"; };
		BB69D4A2253BEEA700559EE6 /* Base */ = {isa = PBXFileReference; lastKnownFileType = file.storyboard; name = Base; path = Base.lproj/LaunchScreen.storyboard; sourceTree = "<group>"; };
		BB69D4A4253BEEA700559EE6 /* Info.plist */ = {isa = PBXFileReference; lastKnownFileType = text.plist.xml; path = Info.plist; sourceTree = "<group>"; };
		BB69D4AF253BF92400559EE6 /* NetworkServices.swift */ = {isa = PBXFileReference; lastKnownFileType = sourcecode.swift; path = NetworkServices.swift; sourceTree = "<group>"; };
		BB69D4B1253BFA8C00559EE6 /* MovieListModel.swift */ = {isa = PBXFileReference; lastKnownFileType = sourcecode.swift; path = MovieListModel.swift; sourceTree = "<group>"; };
		BB69D4B7253C050300559EE6 /* MovieListCVCell.xib */ = {isa = PBXFileReference; fileEncoding = 4; lastKnownFileType = file.xib; path = MovieListCVCell.xib; sourceTree = "<group>"; };
		BB69D4B8253C050300559EE6 /* MovieListCVCell.swift */ = {isa = PBXFileReference; fileEncoding = 4; lastKnownFileType = sourcecode.swift; path = MovieListCVCell.swift; sourceTree = "<group>"; };
		BB69D4D8253C0AC800559EE6 /* MovieDetailViewController.swift */ = {isa = PBXFileReference; lastKnownFileType = sourcecode.swift; path = MovieDetailViewController.swift; sourceTree = "<group>"; };
		BB69D4DA253C0FA900559EE6 /* MovieInfoViewModel.swift */ = {isa = PBXFileReference; lastKnownFileType = sourcecode.swift; path = MovieInfoViewModel.swift; sourceTree = "<group>"; };
		D6C75F6B39978E8C47794B2A /* Pods-MovieSearch.release.xcconfig */ = {isa = PBXFileReference; includeInIndex = 1; lastKnownFileType = text.xcconfig; name = "Pods-MovieSearch.release.xcconfig"; path = "Target Support Files/Pods-MovieSearch/Pods-MovieSearch.release.xcconfig"; sourceTree = "<group>"; };
/* End PBXFileReference section */

/* Begin PBXFrameworksBuildPhase section */
		BB69D490253BEEA100559EE6 /* Frameworks */ = {
			isa = PBXFrameworksBuildPhase;
			buildActionMask = 2147483647;
			files = (
				8D92DA1CBA0E667D2B9BD9D0 /* Pods_MovieSearch.framework in Frameworks */,
			);
			runOnlyForDeploymentPostprocessing = 0;
		};
/* End PBXFrameworksBuildPhase section */

/* Begin PBXGroup section */
		BB69D48A253BEEA100559EE6 = {
			isa = PBXGroup;
			children = (
				BB69D495253BEEA100559EE6 /* MovieSearch */,
				BB69D494253BEEA100559EE6 /* Products */,
				D0C6DB66686F5B764E8BD0F6 /* Pods */,
				D5683A0D61E08A7EDCB112CF /* Frameworks */,
			);
			sourceTree = "<group>";
		};
		BB69D494253BEEA100559EE6 /* Products */ = {
			isa = PBXGroup;
			children = (
				BB69D493253BEEA100559EE6 /* MovieSearch.app */,
			);
			name = Products;
			sourceTree = "<group>";
		};
		BB69D495253BEEA100559EE6 /* MovieSearch */ = {
			isa = PBXGroup;
			children = (
				BB69D4AA253BF6F600559EE6 /* Model */,
				BB69D4AB253BF6FD00559EE6 /* View */,
				BB69D4AC253BF73800559EE6 /* View Model */,
				BB69D4B5253BFD8900559EE6 /* StoryBoard */,
				BB69D4AE253BF74B00559EE6 /* Controller */,
				BB69D4AD253BF74300559EE6 /* Services */,
				BB69D496253BEEA100559EE6 /* AppDelegate.swift */,
				BB69D49F253BEEA700559EE6 /* Assets.xcassets */,
				BB69D4A1253BEEA700559EE6 /* LaunchScreen.storyboard */,
				BB69D4A4253BEEA700559EE6 /* Info.plist */,
			);
			path = MovieSearch;
			sourceTree = "<group>";
		};
		BB69D4AA253BF6F600559EE6 /* Model */ = {
			isa = PBXGroup;
			children = (
				BB69D4B1253BFA8C00559EE6 /* MovieListModel.swift */,
			);
			path = Model;
			sourceTree = "<group>";
		};
		BB69D4AB253BF6FD00559EE6 /* View */ = {
			isa = PBXGroup;
			children = (
				BB69D4B8253C050300559EE6 /* MovieListCVCell.swift */,
				BB69D4B7253C050300559EE6 /* MovieListCVCell.xib */,
			);
			path = View;
			sourceTree = "<group>";
		};
		BB69D4AC253BF73800559EE6 /* View Model */ = {
			isa = PBXGroup;
			children = (
				BB69D4DA253C0FA900559EE6 /* MovieInfoViewModel.swift */,
			);
			path = "View Model";
			sourceTree = "<group>";
		};
		BB69D4AD253BF74300559EE6 /* Services */ = {
			isa = PBXGroup;
			children = (
				BB69D4AF253BF92400559EE6 /* NetworkServices.swift */,
			);
			path = Services;
			sourceTree = "<group>";
		};
		BB69D4AE253BF74B00559EE6 /* Controller */ = {
			isa = PBXGroup;
			children = (
				BB69D49A253BEEA100559EE6 /* HomeViewController.swift */,
				BB69D4D8253C0AC800559EE6 /* MovieDetailViewController.swift */,
			);
			path = Controller;
			sourceTree = "<group>";
		};
		BB69D4B5253BFD8900559EE6 /* StoryBoard */ = {
			isa = PBXGroup;
			children = (
				BB69D49C253BEEA200559EE6 /* Main.storyboard */,
			);
			path = StoryBoard;
			sourceTree = "<group>";
		};
		D0C6DB66686F5B764E8BD0F6 /* Pods */ = {
			isa = PBXGroup;
			children = (
				681A63BE29EF4D0513E7D94A /* Pods-MovieSearch.debug.xcconfig */,
				D6C75F6B39978E8C47794B2A /* Pods-MovieSearch.release.xcconfig */,
			);
			path = Pods;
			sourceTree = "<group>";
		};
		D5683A0D61E08A7EDCB112CF /* Frameworks */ = {
			isa = PBXGroup;
			children = (
				0383E3470C1E03C229910491 /* Pods_MovieSearch.framework */,
			);
			name = Frameworks;
			sourceTree = "<group>";
		};
/* End PBXGroup section */

/* Begin PBXNativeTarget section */
		BB69D492253BEEA100559EE6 /* MovieSearch */ = {
			isa = PBXNativeTarget;
			buildConfigurationList = BB69D4A7253BEEA700559EE6 /* Build configuration list for PBXNativeTarget "MovieSearch" */;
			buildPhases = (
				689309EA028B715D6F98C938 /* [CP] Check Pods Manifest.lock */,
				BB69D48F253BEEA100559EE6 /* Sources */,
				BB69D490253BEEA100559EE6 /* Frameworks */,
				BB69D491253BEEA100559EE6 /* Resources */,
				B401227BB3B649B1A3BDEDFB /* [CP] Embed Pods Frameworks */,
			);
			buildRules = (
			);
			dependencies = (
			);
			name = MovieSearch;
			productName = MovieSearch;
			productReference = BB69D493253BEEA100559EE6 /* MovieSearch.app */;
			productType = "com.apple.product-type.application";
		};
/* End PBXNativeTarget section */

/* Begin PBXProject section */
		BB69D48B253BEEA100559EE6 /* Project object */ = {
			isa = PBXProject;
			attributes = {
				LastSwiftUpdateCheck = 1150;
				LastUpgradeCheck = 1150;
				ORGANIZATIONNAME = zindal;
				TargetAttributes = {
					BB69D492253BEEA100559EE6 = {
						CreatedOnToolsVersion = 11.5;
					};
				};
			};
			buildConfigurationList = BB69D48E253BEEA100559EE6 /* Build configuration list for PBXProject "MovieSearch" */;
			compatibilityVersion = "Xcode 9.3";
			developmentRegion = en;
			hasScannedForEncodings = 0;
			knownRegions = (
				en,
				Base,
			);
			mainGroup = BB69D48A253BEEA100559EE6;
			productRefGroup = BB69D494253BEEA100559EE6 /* Products */;
			projectDirPath = "";
			projectRoot = "";
			targets = (
				BB69D492253BEEA100559EE6 /* MovieSearch */,
			);
		};
/* End PBXProject section */

/* Begin PBXResourcesBuildPhase section */
		BB69D491253BEEA100559EE6 /* Resources */ = {
			isa = PBXResourcesBuildPhase;
			buildActionMask = 2147483647;
			files = (
				BB69D4BB253C050300559EE6 /* MovieListCVCell.xib in Resources */,
				BB69D4A3253BEEA700559EE6 /* LaunchScreen.storyboard in Resources */,
				BB69D4A0253BEEA700559EE6 /* Assets.xcassets in Resources */,
				BB69D49E253BEEA200559EE6 /* Main.storyboard in Resources */,
			);
			runOnlyForDeploymentPostprocessing = 0;
		};
/* End PBXResourcesBuildPhase section */

/* Begin PBXShellScriptBuildPhase section */
		689309EA028B715D6F98C938 /* [CP] Check Pods Manifest.lock */ = {
			isa = PBXShellScriptBuildPhase;
			buildActionMask = 2147483647;
			files = (
			);
			inputFileListPaths = (
			);
			inputPaths = (
				"${PODS_PODFILE_DIR_PATH}/Podfile.lock",
				"${PODS_ROOT}/Manifest.lock",
			);
			name = "[CP] Check Pods Manifest.lock";
			outputFileListPaths = (
			);
			outputPaths = (
				"$(DERIVED_FILE_DIR)/Pods-MovieSearch-checkManifestLockResult.txt",
			);
			runOnlyForDeploymentPostprocessing = 0;
			shellPath = /bin/sh;
			shellScript = "diff \"${PODS_PODFILE_DIR_PATH}/Podfile.lock\" \"${PODS_ROOT}/Manifest.lock\" > /dev/null\nif [ $? != 0 ] ; then\n    # print error to STDERR\n    echo \"error: The sandbox is not in sync with the Podfile.lock. Run 'pod install' or update your CocoaPods installation.\" >&2\n    exit 1\nfi\n# This output is used by Xcode 'outputs' to avoid re-running this script phase.\necho \"SUCCESS\" > \"${SCRIPT_OUTPUT_FILE_0}\"\n";
			showEnvVarsInLog = 0;
		};
		B401227BB3B649B1A3BDEDFB /* [CP] Embed Pods Frameworks */ = {
			isa = PBXShellScriptBuildPhase;
			buildActionMask = 2147483647;
			files = (
			);
			inputFileListPaths = (
				"${PODS_ROOT}/Target Support Files/Pods-MovieSearch/Pods-MovieSearch-frameworks-${CONFIGURATION}-input-files.xcfilelist",
			);
			name = "[CP] Embed Pods Frameworks";
			outputFileListPaths = (
				"${PODS_ROOT}/Target Support Files/Pods-MovieSearch/Pods-MovieSearch-frameworks-${CONFIGURATION}-output-files.xcfilelist",
			);
			runOnlyForDeploymentPostprocessing = 0;
			shellPath = /bin/sh;
			shellScript = "\"${PODS_ROOT}/Target Support Files/Pods-MovieSearch/Pods-MovieSearch-frameworks.sh\"\n";
			showEnvVarsInLog = 0;
		};
/* End PBXShellScriptBuildPhase section */

/* Begin PBXSourcesBuildPhase section */
		BB69D48F253BEEA100559EE6 /* Sources */ = {
			isa = PBXSourcesBuildPhase;
			buildActionMask = 2147483647;
			files = (
				BB69D4B2253BFA8C00559EE6 /* MovieListModel.swift in Sources */,
				BB69D4DB253C0FA900559EE6 /* MovieInfoViewModel.swift in Sources */,
				BB69D4B0253BF92400559EE6 /* NetworkServices.swift in Sources */,
				BB69D49B253BEEA100559EE6 /* HomeViewController.swift in Sources */,
				BB69D4D9253C0AC800559EE6 /* MovieDetailViewController.swift in Sources */,
				BB69D4BC253C050300559EE6 /* MovieListCVCell.swift in Sources */,
				BB69D497253BEEA100559EE6 /* AppDelegate.swift in Sources */,
			);
			runOnlyForDeploymentPostprocessing = 0;
		};
/* End PBXSourcesBuildPhase section */

/* Begin PBXVariantGroup section */
		BB69D49C253BEEA200559EE6 /* Main.storyboard */ = {
			isa = PBXVariantGroup;
			children = (
				BB69D49D253BEEA200559EE6 /* Base */,
			);
			name = Main.storyboard;
			sourceTree = "<group>";
		};
		BB69D4A1253BEEA700559EE6 /* LaunchScreen.storyboard */ = {
			isa = PBXVariantGroup;
			children = (
				BB69D4A2253BEEA700559EE6 /* Base */,
			);
			name = LaunchScreen.storyboard;
			sourceTree = "<group>";
		};
/* End PBXVariantGroup section */

/* Begin XCBuildConfiguration section */
		BB69D4A5253BEEA700559EE6 /* Debug */ = {
			isa = XCBuildConfiguration;
			buildSettings = {
				ALWAYS_SEARCH_USER_PATHS = NO;
				CLANG_ANALYZER_NONNULL = YES;
				CLANG_ANALYZER_NUMBER_OBJECT_CONVERSION = YES_AGGRESSIVE;
				CLANG_CXX_LANGUAGE_STANDARD = "gnu++14";
				CLANG_CXX_LIBRARY = "libc++";
				CLANG_ENABLE_MODULES = YES;
				CLANG_ENABLE_OBJC_ARC = YES;
				CLANG_ENABLE_OBJC_WEAK = YES;
				CLANG_WARN_BLOCK_CAPTURE_AUTORELEASING = YES;
				CLANG_WARN_BOOL_CONVERSION = YES;
				CLANG_WARN_COMMA = YES;
				CLANG_WARN_CONSTANT_CONVERSION = YES;
				CLANG_WARN_DEPRECATED_OBJC_IMPLEMENTATIONS = YES;
				CLANG_WARN_DIRECT_OBJC_ISA_USAGE = YES_ERROR;
				CLANG_WARN_DOCUMENTATION_COMMENTS = YES;
				CLANG_WARN_EMPTY_BODY = YES;
				CLANG_WARN_ENUM_CONVERSION = YES;
				CLANG_WARN_INFINITE_RECURSION = YES;
				CLANG_WARN_INT_CONVERSION = YES;
				CLANG_WARN_NON_LITERAL_NULL_CONVERSION = YES;
				CLANG_WARN_OBJC_IMPLICIT_RETAIN_SELF = YES;
				CLANG_WARN_OBJC_LITERAL_CONVERSION = YES;
				CLANG_WARN_OBJC_ROOT_CLASS = YES_ERROR;
				CLANG_WARN_RANGE_LOOP_ANALYSIS = YES;
				CLANG_WARN_STRICT_PROTOTYPES = YES;
				CLANG_WARN_SUSPICIOUS_MOVE = YES;
				CLANG_WARN_UNGUARDED_AVAILABILITY = YES_AGGRESSIVE;
				CLANG_WARN_UNREACHABLE_CODE = YES;
				CLANG_WARN__DUPLICATE_METHOD_MATCH = YES;
				COPY_PHASE_STRIP = NO;
				DEBUG_INFORMATION_FORMAT = dwarf;
				ENABLE_STRICT_OBJC_MSGSEND = YES;
				ENABLE_TESTABILITY = YES;
				GCC_C_LANGUAGE_STANDARD = gnu11;
				GCC_DYNAMIC_NO_PIC = NO;
				GCC_NO_COMMON_BLOCKS = YES;
				GCC_OPTIMIZATION_LEVEL = 0;
				GCC_PREPROCESSOR_DEFINITIONS = (
					"DEBUG=1",
					"$(inherited)",
				);
				GCC_WARN_64_TO_32_BIT_CONVERSION = YES;
				GCC_WARN_ABOUT_RETURN_TYPE = YES_ERROR;
				GCC_WARN_UNDECLARED_SELECTOR = YES;
				GCC_WARN_UNINITIALIZED_AUTOS = YES_AGGRESSIVE;
				GCC_WARN_UNUSED_FUNCTION = YES;
				GCC_WARN_UNUSED_VARIABLE = YES;
				IPHONEOS_DEPLOYMENT_TARGET = 12.0;
				MTL_ENABLE_DEBUG_INFO = INCLUDE_SOURCE;
				MTL_FAST_MATH = YES;
				ONLY_ACTIVE_ARCH = YES;
				SDKROOT = iphoneos;
				SWIFT_ACTIVE_COMPILATION_CONDITIONS = DEBUG;
				SWIFT_OPTIMIZATION_LEVEL = "-Onone";
			};
			name = Debug;
		};
		BB69D4A6253BEEA700559EE6 /* Release */ = {
			isa = XCBuildConfiguration;
			buildSettings = {
				ALWAYS_SEARCH_USER_PATHS = NO;
				CLANG_ANALYZER_NONNULL = YES;
				CLANG_ANALYZER_NUMBER_OBJECT_CONVERSION = YES_AGGRESSIVE;
				CLANG_CXX_LANGUAGE_STANDARD = "gnu++14";
				CLANG_CXX_LIBRARY = "libc++";
				CLANG_ENABLE_MODULES = YES;
				CLANG_ENABLE_OBJC_ARC = YES;
				CLANG_ENABLE_OBJC_WEAK = YES;
				CLANG_WARN_BLOCK_CAPTURE_AUTORELEASING = YES;
				CLANG_WARN_BOOL_CONVERSION = YES;
				CLANG_WARN_COMMA = YES;
				CLANG_WARN_CONSTANT_CONVERSION = YES;
				CLANG_WARN_DEPRECATED_OBJC_IMPLEMENTATIONS = YES;
				CLANG_WARN_DIRECT_OBJC_ISA_USAGE = YES_ERROR;
				CLANG_WARN_DOCUMENTATION_COMMENTS = YES;
				CLANG_WARN_EMPTY_BODY = YES;
				CLANG_WARN_ENUM_CONVERSION = YES;
				CLANG_WARN_INFINITE_RECURSION = YES;
				CLANG_WARN_INT_CONVERSION = YES;
				CLANG_WARN_NON_LITERAL_NULL_CONVERSION = YES;
				CLANG_WARN_OBJC_IMPLICIT_RETAIN_SELF = YES;
				CLANG_WARN_OBJC_LITERAL_CONVERSION = YES;
				CLANG_WARN_OBJC_ROOT_CLASS = YES_ERROR;
				CLANG_WARN_RANGE_LOOP_ANALYSIS = YES;
				CLANG_WARN_STRICT_PROTOTYPES = YES;
				CLANG_WARN_SUSPICIOUS_MOVE = YES;
				CLANG_WARN_UNGUARDED_AVAILABILITY = YES_AGGRESSIVE;
				CLANG_WARN_UNREACHABLE_CODE = YES;
				CLANG_WARN__DUPLICATE_METHOD_MATCH = YES;
				COPY_PHASE_STRIP = NO;
				DEBUG_INFORMATION_FORMAT = "dwarf-with-dsym";
				ENABLE_NS_ASSERTIONS = NO;
				ENABLE_STRICT_OBJC_MSGSEND = YES;
				GCC_C_LANGUAGE_STANDARD = gnu11;
				GCC_NO_COMMON_BLOCKS = YES;
				GCC_WARN_64_TO_32_BIT_CONVERSION = YES;
				GCC_WARN_ABOUT_RETURN_TYPE = YES_ERROR;
				GCC_WARN_UNDECLARED_SELECTOR = YES;
				GCC_WARN_UNINITIALIZED_AUTOS = YES_AGGRESSIVE;
				GCC_WARN_UNUSED_FUNCTION = YES;
				GCC_WARN_UNUSED_VARIABLE = YES;
				IPHONEOS_DEPLOYMENT_TARGET = 12.0;
				MTL_ENABLE_DEBUG_INFO = NO;
				MTL_FAST_MATH = YES;
				SDKROOT = iphoneos;
				SWIFT_COMPILATION_MODE = wholemodule;
				SWIFT_OPTIMIZATION_LEVEL = "-O";
				VALIDATE_PRODUCT = YES;
			};
			name = Release;
		};
		BB69D4A8253BEEA700559EE6 /* Debug */ = {
			isa = XCBuildConfiguration;
			baseConfigurationReference = 681A63BE29EF4D0513E7D94A /* Pods-MovieSearch.debug.xcconfig */;
			buildSettings = {
				ASSETCATALOG_COMPILER_APPICON_NAME = AppIcon;
				CODE_SIGN_STYLE = Automatic;
				INFOPLIST_FILE = MovieSearch/Info.plist;
				IPHONEOS_DEPLOYMENT_TARGET = 12.0;
				LD_RUNPATH_SEARCH_PATHS = (
					"$(inherited)",
					"@executable_path/Frameworks",
				);
				PRODUCT_BUNDLE_IDENTIFIER = com.pomelo.pickupwatch.MovieSearch;
				PRODUCT_NAME = "$(TARGET_NAME)";
				SWIFT_VERSION = 5.0;
				TARGETED_DEVICE_FAMILY = "1,2";
			};
			name = Debug;
		};
		BB69D4A9253BEEA700559EE6 /* Release */ = {
			isa = XCBuildConfiguration;
			baseConfigurationReference = D6C75F6B39978E8C47794B2A /* Pods-MovieSearch.release.xcconfig */;
			buildSettings = {
				ASSETCATALOG_COMPILER_APPICON_NAME = AppIcon;
				CODE_SIGN_STYLE = Automatic;
				INFOPLIST_FILE = MovieSearch/Info.plist;
				IPHONEOS_DEPLOYMENT_TARGET = 12.0;
				LD_RUNPATH_SEARCH_PATHS = (
					"$(inherited)",
					"@executable_path/Frameworks",
				);
				PRODUCT_BUNDLE_IDENTIFIER = com.pomelo.pickupwatch.MovieSearch;
				PRODUCT_NAME = "$(TARGET_NAME)";
				SWIFT_VERSION = 5.0;
				TARGETED_DEVICE_FAMILY = "1,2";
			};
			name = Release;
		};
/* End XCBuildConfiguration section */

/* Begin XCConfigurationList section */
		BB69D48E253BEEA100559EE6 /* Build configuration list for PBXProject "MovieSearch" */ = {
			isa = XCConfigurationList;
			buildConfigurations = (
				BB69D4A5253BEEA700559EE6 /* Debug */,
				BB69D4A6253BEEA700559EE6 /* Release */,
			);
			defaultConfigurationIsVisible = 0;
			defaultConfigurationName = Release;
		};
		BB69D4A7253BEEA700559EE6 /* Build configuration list for PBXNativeTarget "MovieSearch" */ = {
			isa = XCConfigurationList;
			buildConfigurations = (
				BB69D4A8253BEEA700559EE6 /* Debug */,
				BB69D4A9253BEEA700559EE6 /* Release */,
			);
			defaultConfigurationIsVisible = 0;
			defaultConfigurationName = Release;
		};
/* End XCConfigurationList section */
	};
	rootObject = BB69D48B253BEEA100559EE6 /* Project object */;
}
